
Microsoft Visual Studio Solution File, Format Version 12.00
# Visual Studio 15
VisualStudioVersion = 15.0.27428.2037
MinimumVisualStudioVersion = 10.0.40219.1
Project("{FAE04EC0-301F-11D3-BF4B-00C04F79EFBC}") = "WebApplication1", "WebApplication1\WebApplication1.csproj", "{6BDB37E4-E26C-41BD-9DDB-3672CD019A47}"
EndProject
Global
	GlobalSection(SolutionConfigurationPlatforms) = preSolution
		Debug|Any CPU = Debug|Any CPU
		Release|Any CPU = Release|Any CPU
	EndGlobalSection
	GlobalSection(ProjectConfigurationPlatforms) = postSolution
		{6BDB37E4-E26C-41BD-9DDB-3672CD019A47}.Debug|Any CPU.ActiveCfg = Debug|Any CPU
		{6BDB37E4-E26C-41BD-9DDB-3672CD019A47}.Debug|Any CPU.Build.0 = Debug|Any CPU
		{6BDB37E4-E26C-41BD-9DDB-3672CD019A47}.Release|Any CPU.ActiveCfg = Release|Any CPU
		{6BDB37E4-E26C-41BD-9DDB-3672CD019A47}.Release|Any CPU.Build.0 = Release|Any CPU
	EndGlobalSection
	GlobalSection(SolutionProperties) = preSolution
		HideSolutionNode = FALSE
	EndGlobalSection
	GlobalSection(ExtensibilityGlobals) = postSolution
		SolutionGuid = {D07D2512-A646-443B-A09F-E1C127F9D96F}
	EndGlobalSection
EndGlobal
